
Microsoft Visual Studio Solution File, Format Version 12.00
Project("{2150E333-8FDC-42A3-9474-1A3956D46DE8}") = "Auxiliary", "Auxiliary", "{6C63A026-B3A2-4DB2-9E0E-8C2DE71F0DD6}"
EndProject
Project("{FAE04EC0-301F-11D3-BF4B-00C04F79EFBC}") = "Crypto.Auxiliary.Extensions", "Auxiliary\Crypto.Auxiliary.Extensions\Crypto.Auxiliary.Extensions.csproj", "{B171CF13-029B-4738-9375-EA5E36EFD878}"
EndProject
Project("{FAE04EC0-301F-11D3-BF4B-00C04F79EFBC}") = "Crypto.Auxiliary.Fraction", "Auxiliary\Crypto.Auxiliary.Fraction\Crypto.Auxiliary.Fraction.csproj", "{3A0C6EB1-EAF2-4895-B6B7-55CDEF70F977}"
EndProject
Project("{FAE04EC0-301F-11D3-BF4B-00C04F79EFBC}") = "Crypto.Auxiliary.PrimalityTests", "Auxiliary\Crypto.Auxiliary.PrimalityTests\Crypto.Auxiliary.PrimalityTests.csproj", "{7D7F6FDA-E7EA-4624-A2F3-E162F94B0F6A}"
EndProject
Project("{2150E333-8FDC-42A3-9474-1A3956D46DE8}") = "Cipher", "Cipher", "{BC1EDA1C-D3A9-4913-B1A4-35E9B684260C}"
EndProject
Project("{FAE04EC0-301F-11D3-BF4B-00C04F79EFBC}") = "Crypto.Cipher.Benaloh", "Cipher\Crypto.Cipher.Benaloh\Crypto.Cipher.Benaloh.csproj", "{70FCB930-DEC0-4476-A90D-C67560CD0BAD}"
EndProject
Project("{FAE04EC0-301F-11D3-BF4B-00C04F79EFBC}") = "Crypto.Cipher.DES", "Cipher\Crypto.Cipher.DES\Crypto.Cipher.DES.csproj", "{F74F6F95-43F0-43C9-BF42-3A0081B34D2E}"
EndProject
Project("{FAE04EC0-301F-11D3-BF4B-00C04F79EFBC}") = "Crypto.Cipher.ElGamal", "Cipher\Crypto.Cipher.ElGamal\Crypto.Cipher.ElGamal.csproj", "{F74AD7CA-C9BB-4E8E-842F-7E94B550D980}"
EndProject
Project("{FAE04EC0-301F-11D3-BF4B-00C04F79EFBC}") = "Crypto.Cipher.LUC", "Cipher\Crypto.Cipher.LUC\Crypto.Cipher.LUC.csproj", "{4CEDA2BF-BE89-4E0E-8308-DC5E3E361CC6}"
EndProject
Project("{FAE04EC0-301F-11D3-BF4B-00C04F79EFBC}") = "Crypto.Cipher.NTRUEncrypt", "Cipher\Crypto.Cipher.NTRUEncrypt\Crypto.Cipher.NTRUEncrypt.csproj", "{98A5A8F1-9763-4286-BB56-D3E4738A5F26}"
EndProject
Project("{FAE04EC0-301F-11D3-BF4B-00C04F79EFBC}") = "Crypto.Cipher.Rijndael", "Cipher\Crypto.Cipher.Rijndael\Crypto.Cipher.Rijndael.csproj", "{4A8CACED-0D59-43DC-8D70-64C4E974C111}"
EndProject
Project("{FAE04EC0-301F-11D3-BF4B-00C04F79EFBC}") = "Crypto.Cipher.RSA", "Cipher\Crypto.Cipher.RSA\Crypto.Cipher.RSA.csproj", "{517AB8F3-7B95-4B87-8EA0-4025FCE4A605}"
EndProject
Project("{FAE04EC0-301F-11D3-BF4B-00C04F79EFBC}") = "Crypto.Cipher.SHACAL1", "Cipher\Crypto.Cipher.SHACAL1\Crypto.Cipher.SHACAL1.csproj", "{759CEA95-DB3F-40E0-AF33-1EC0BC0C51FC}"
EndProject
Project("{FAE04EC0-301F-11D3-BF4B-00C04F79EFBC}") = "Crypto.Cipher.SHACAL2", "Cipher\Crypto.Cipher.SHACAL2\Crypto.Cipher.SHACAL2.csproj", "{9CFBE05F-2D4B-41BE-B111-B335D8D81C9A}"
EndProject
Project("{2150E333-8FDC-42A3-9474-1A3956D46DE8}") = "Demo", "Demo", "{6B12FB1F-CFD2-4AA8-B3DB-029DF0D12431}"
EndProject
Project("{FAE04EC0-301F-11D3-BF4B-00C04F79EFBC}") = "Crypto.Demo.Benaloh", "Demo\Crypto.Demo.Benaloh\Crypto.Demo.Benaloh.csproj", "{68825D33-9994-4ECF-9FEC-B5F15526DED2}"
EndProject
Project("{FAE04EC0-301F-11D3-BF4B-00C04F79EFBC}") = "Crypto.Demo.NTRUEncrypt", "Demo\Crypto.Demo.NTRUEncrypt\Crypto.Demo.NTRUEncrypt.csproj", "{D8446424-B891-4C0C-922C-DA6877FC0516}"
EndProject
Project("{FAE04EC0-301F-11D3-BF4B-00C04F79EFBC}") = "Crypto.Demo.PrimalityTests", "Demo\Crypto.Demo.PrimalityTests\Crypto.Demo.PrimalityTests.csproj", "{2B8B3B72-2BD4-49D1-865D-3B19422FBED7}"
EndProject
Project("{FAE04EC0-301F-11D3-BF4B-00C04F79EFBC}") = "Crypto.Demo.RSA", "Demo\Crypto.Demo.RSA\Crypto.Demo.RSA.csproj", "{2935936C-D5E6-443B-8909-7B9488EF3A2D}"
EndProject
Project("{FAE04EC0-301F-11D3-BF4B-00C04F79EFBC}") = "Crypto.Demo.RSA.FermatAttack", "Demo\Crypto.Demo.RSA.FermatAttack\Crypto.Demo.RSA.FermatAttack.csproj", "{88F6FA88-26FB-4297-9E0F-ECEAD7739537}"
EndProject
Project("{FAE04EC0-301F-11D3-BF4B-00C04F79EFBC}") = "Crypto.Demo.RSA.HastadAttack", "Demo\Crypto.Demo.RSA.HastadAttack\Crypto.Demo.RSA.HastadAttack.csproj", "{A05FBB25-4B1C-481D-A60A-FB85B839F4F7}"
EndProject
Project("{FAE04EC0-301F-11D3-BF4B-00C04F79EFBC}") = "Crypto.Demo.RSA.WienerAttack", "Demo\Crypto.Demo.RSA.WienerAttack\Crypto.Demo.RSA.WienerAttack.csproj", "{85E3E239-C089-429B-8030-D3A46691D048}"
EndProject
Project("{FAE04EC0-301F-11D3-BF4B-00C04F79EFBC}") = "Crypto.Demo.SHACAL1", "Demo\Crypto.Demo.SHACAL1\Crypto.Demo.SHACAL1.csproj", "{CCB4D8A1-84BE-488E-9D85-ED0C2C449655}"
EndProject
Project("{FAE04EC0-301F-11D3-BF4B-00C04F79EFBC}") = "Crypto.Demo.SHACAL2", "Demo\Crypto.Demo.SHACAL2\Crypto.Demo.SHACAL2.csproj", "{5D4E6336-55F0-4B7B-A0D9-3ADB53371B12}"
EndProject
Project("{2150E333-8FDC-42A3-9474-1A3956D46DE8}") = "Domain", "Domain", "{3F4CA060-9009-4509-812C-EDBD0048112B}"
EndProject
Project("{2150E333-8FDC-42A3-9474-1A3956D46DE8}") = "Hash", "Hash", "{84FD214F-ABED-4B05-B75A-AE483FBD0E5D}"
EndProject
Project("{2150E333-8FDC-42A3-9474-1A3956D46DE8}") = "Tests", "Tests", "{4EE6625C-F09B-467A-9BD4-558C82AA2BE7}"
EndProject
Global
	GlobalSection(SolutionConfigurationPlatforms) = preSolution
		Debug|Any CPU = Debug|Any CPU
		Release|Any CPU = Release|Any CPU
	EndGlobalSection
	GlobalSection(ProjectConfigurationPlatforms) = postSolution
		{517AB8F3-7B95-4B87-8EA0-4025FCE4A605}.Debug|Any CPU.ActiveCfg = Debug|Any CPU
		{517AB8F3-7B95-4B87-8EA0-4025FCE4A605}.Debug|Any CPU.Build.0 = Debug|Any CPU
		{517AB8F3-7B95-4B87-8EA0-4025FCE4A605}.Release|Any CPU.ActiveCfg = Release|Any CPU
		{517AB8F3-7B95-4B87-8EA0-4025FCE4A605}.Release|Any CPU.Build.0 = Release|Any CPU
		{7D7F6FDA-E7EA-4624-A2F3-E162F94B0F6A}.Debug|Any CPU.ActiveCfg = Debug|Any CPU
		{7D7F6FDA-E7EA-4624-A2F3-E162F94B0F6A}.Debug|Any CPU.Build.0 = Debug|Any CPU
		{7D7F6FDA-E7EA-4624-A2F3-E162F94B0F6A}.Release|Any CPU.ActiveCfg = Release|Any CPU
		{7D7F6FDA-E7EA-4624-A2F3-E162F94B0F6A}.Release|Any CPU.Build.0 = Release|Any CPU
		{B171CF13-029B-4738-9375-EA5E36EFD878}.Debug|Any CPU.ActiveCfg = Debug|Any CPU
		{B171CF13-029B-4738-9375-EA5E36EFD878}.Debug|Any CPU.Build.0 = Debug|Any CPU
		{B171CF13-029B-4738-9375-EA5E36EFD878}.Release|Any CPU.ActiveCfg = Release|Any CPU
		{B171CF13-029B-4738-9375-EA5E36EFD878}.Release|Any CPU.Build.0 = Release|Any CPU
		{CCB4D8A1-84BE-488E-9D85-ED0C2C449655}.Debug|Any CPU.ActiveCfg = Debug|Any CPU
		{CCB4D8A1-84BE-488E-9D85-ED0C2C449655}.Debug|Any CPU.Build.0 = Debug|Any CPU
		{CCB4D8A1-84BE-488E-9D85-ED0C2C449655}.Release|Any CPU.ActiveCfg = Release|Any CPU
		{CCB4D8A1-84BE-488E-9D85-ED0C2C449655}.Release|Any CPU.Build.0 = Release|Any CPU
		{3A0C6EB1-EAF2-4895-B6B7-55CDEF70F977}.Debug|Any CPU.ActiveCfg = Debug|Any CPU
		{3A0C6EB1-EAF2-4895-B6B7-55CDEF70F977}.Debug|Any CPU.Build.0 = Debug|Any CPU
		{3A0C6EB1-EAF2-4895-B6B7-55CDEF70F977}.Release|Any CPU.ActiveCfg = Release|Any CPU
		{3A0C6EB1-EAF2-4895-B6B7-55CDEF70F977}.Release|Any CPU.Build.0 = Release|Any CPU
		{759CEA95-DB3F-40E0-AF33-1EC0BC0C51FC}.Debug|Any CPU.ActiveCfg = Debug|Any CPU
		{759CEA95-DB3F-40E0-AF33-1EC0BC0C51FC}.Debug|Any CPU.Build.0 = Debug|Any CPU
		{759CEA95-DB3F-40E0-AF33-1EC0BC0C51FC}.Release|Any CPU.ActiveCfg = Release|Any CPU
		{759CEA95-DB3F-40E0-AF33-1EC0BC0C51FC}.Release|Any CPU.Build.0 = Release|Any CPU
		{70FCB930-DEC0-4476-A90D-C67560CD0BAD}.Debug|Any CPU.ActiveCfg = Debug|Any CPU
		{70FCB930-DEC0-4476-A90D-C67560CD0BAD}.Debug|Any CPU.Build.0 = Debug|Any CPU
		{70FCB930-DEC0-4476-A90D-C67560CD0BAD}.Release|Any CPU.ActiveCfg = Release|Any CPU
		{70FCB930-DEC0-4476-A90D-C67560CD0BAD}.Release|Any CPU.Build.0 = Release|Any CPU
		{2B8B3B72-2BD4-49D1-865D-3B19422FBED7}.Debug|Any CPU.ActiveCfg = Debug|Any CPU
		{2B8B3B72-2BD4-49D1-865D-3B19422FBED7}.Debug|Any CPU.Build.0 = Debug|Any CPU
		{2B8B3B72-2BD4-49D1-865D-3B19422FBED7}.Release|Any CPU.ActiveCfg = Release|Any CPU
		{2B8B3B72-2BD4-49D1-865D-3B19422FBED7}.Release|Any CPU.Build.0 = Release|Any CPU
		{2935936C-D5E6-443B-8909-7B9488EF3A2D}.Debug|Any CPU.ActiveCfg = Debug|Any CPU
		{2935936C-D5E6-443B-8909-7B9488EF3A2D}.Debug|Any CPU.Build.0 = Debug|Any CPU
		{2935936C-D5E6-443B-8909-7B9488EF3A2D}.Release|Any CPU.ActiveCfg = Release|Any CPU
		{2935936C-D5E6-443B-8909-7B9488EF3A2D}.Release|Any CPU.Build.0 = Release|Any CPU
		{85E3E239-C089-429B-8030-D3A46691D048}.Debug|Any CPU.ActiveCfg = Debug|Any CPU
		{85E3E239-C089-429B-8030-D3A46691D048}.Debug|Any CPU.Build.0 = Debug|Any CPU
		{85E3E239-C089-429B-8030-D3A46691D048}.Release|Any CPU.ActiveCfg = Release|Any CPU
		{85E3E239-C089-429B-8030-D3A46691D048}.Release|Any CPU.Build.0 = Release|Any CPU
		{88F6FA88-26FB-4297-9E0F-ECEAD7739537}.Debug|Any CPU.ActiveCfg = Debug|Any CPU
		{88F6FA88-26FB-4297-9E0F-ECEAD7739537}.Debug|Any CPU.Build.0 = Debug|Any CPU
		{88F6FA88-26FB-4297-9E0F-ECEAD7739537}.Release|Any CPU.ActiveCfg = Release|Any CPU
		{88F6FA88-26FB-4297-9E0F-ECEAD7739537}.Release|Any CPU.Build.0 = Release|Any CPU
		{A05FBB25-4B1C-481D-A60A-FB85B839F4F7}.Debug|Any CPU.ActiveCfg = Debug|Any CPU
		{A05FBB25-4B1C-481D-A60A-FB85B839F4F7}.Debug|Any CPU.Build.0 = Debug|Any CPU
		{A05FBB25-4B1C-481D-A60A-FB85B839F4F7}.Release|Any CPU.ActiveCfg = Release|Any CPU
		{A05FBB25-4B1C-481D-A60A-FB85B839F4F7}.Release|Any CPU.Build.0 = Release|Any CPU
		{68825D33-9994-4ECF-9FEC-B5F15526DED2}.Debug|Any CPU.ActiveCfg = Debug|Any CPU
		{68825D33-9994-4ECF-9FEC-B5F15526DED2}.Debug|Any CPU.Build.0 = Debug|Any CPU
		{68825D33-9994-4ECF-9FEC-B5F15526DED2}.Release|Any CPU.ActiveCfg = Release|Any CPU
		{68825D33-9994-4ECF-9FEC-B5F15526DED2}.Release|Any CPU.Build.0 = Release|Any CPU
		{5D4E6336-55F0-4B7B-A0D9-3ADB53371B12}.Debug|Any CPU.ActiveCfg = Debug|Any CPU
		{5D4E6336-55F0-4B7B-A0D9-3ADB53371B12}.Debug|Any CPU.Build.0 = Debug|Any CPU
		{5D4E6336-55F0-4B7B-A0D9-3ADB53371B12}.Release|Any CPU.ActiveCfg = Release|Any CPU
		{5D4E6336-55F0-4B7B-A0D9-3ADB53371B12}.Release|Any CPU.Build.0 = Release|Any CPU
		{9CFBE05F-2D4B-41BE-B111-B335D8D81C9A}.Debug|Any CPU.ActiveCfg = Debug|Any CPU
		{9CFBE05F-2D4B-41BE-B111-B335D8D81C9A}.Debug|Any CPU.Build.0 = Debug|Any CPU
		{9CFBE05F-2D4B-41BE-B111-B335D8D81C9A}.Release|Any CPU.ActiveCfg = Release|Any CPU
		{9CFBE05F-2D4B-41BE-B111-B335D8D81C9A}.Release|Any CPU.Build.0 = Release|Any CPU
		{98A5A8F1-9763-4286-BB56-D3E4738A5F26}.Debug|Any CPU.ActiveCfg = Debug|Any CPU
		{98A5A8F1-9763-4286-BB56-D3E4738A5F26}.Debug|Any CPU.Build.0 = Debug|Any CPU
		{98A5A8F1-9763-4286-BB56-D3E4738A5F26}.Release|Any CPU.ActiveCfg = Release|Any CPU
		{98A5A8F1-9763-4286-BB56-D3E4738A5F26}.Release|Any CPU.Build.0 = Release|Any CPU
		{F74F6F95-43F0-43C9-BF42-3A0081B34D2E}.Debug|Any CPU.ActiveCfg = Debug|Any CPU
		{F74F6F95-43F0-43C9-BF42-3A0081B34D2E}.Debug|Any CPU.Build.0 = Debug|Any CPU
		{F74F6F95-43F0-43C9-BF42-3A0081B34D2E}.Release|Any CPU.ActiveCfg = Release|Any CPU
		{F74F6F95-43F0-43C9-BF42-3A0081B34D2E}.Release|Any CPU.Build.0 = Release|Any CPU
		{4A8CACED-0D59-43DC-8D70-64C4E974C111}.Debug|Any CPU.ActiveCfg = Debug|Any CPU
		{4A8CACED-0D59-43DC-8D70-64C4E974C111}.Debug|Any CPU.Build.0 = Debug|Any CPU
		{4A8CACED-0D59-43DC-8D70-64C4E974C111}.Release|Any CPU.ActiveCfg = Release|Any CPU
		{4A8CACED-0D59-43DC-8D70-64C4E974C111}.Release|Any CPU.Build.0 = Release|Any CPU
		{F74AD7CA-C9BB-4E8E-842F-7E94B550D980}.Debug|Any CPU.ActiveCfg = Debug|Any CPU
		{F74AD7CA-C9BB-4E8E-842F-7E94B550D980}.Debug|Any CPU.Build.0 = Debug|Any CPU
		{F74AD7CA-C9BB-4E8E-842F-7E94B550D980}.Release|Any CPU.ActiveCfg = Release|Any CPU
		{F74AD7CA-C9BB-4E8E-842F-7E94B550D980}.Release|Any CPU.Build.0 = Release|Any CPU
		{4CEDA2BF-BE89-4E0E-8308-DC5E3E361CC6}.Debug|Any CPU.ActiveCfg = Debug|Any CPU
		{4CEDA2BF-BE89-4E0E-8308-DC5E3E361CC6}.Debug|Any CPU.Build.0 = Debug|Any CPU
		{4CEDA2BF-BE89-4E0E-8308-DC5E3E361CC6}.Release|Any CPU.ActiveCfg = Release|Any CPU
		{4CEDA2BF-BE89-4E0E-8308-DC5E3E361CC6}.Release|Any CPU.Build.0 = Release|Any CPU
		{D8446424-B891-4C0C-922C-DA6877FC0516}.Debug|Any CPU.ActiveCfg = Debug|Any CPU
		{D8446424-B891-4C0C-922C-DA6877FC0516}.Debug|Any CPU.Build.0 = Debug|Any CPU
		{D8446424-B891-4C0C-922C-DA6877FC0516}.Release|Any CPU.ActiveCfg = Release|Any CPU
		{D8446424-B891-4C0C-922C-DA6877FC0516}.Release|Any CPU.Build.0 = Release|Any CPU
	EndGlobalSection
	GlobalSection(NestedProjects) = preSolution
		{7D7F6FDA-E7EA-4624-A2F3-E162F94B0F6A} = {6C63A026-B3A2-4DB2-9E0E-8C2DE71F0DD6}
		{B171CF13-029B-4738-9375-EA5E36EFD878} = {6C63A026-B3A2-4DB2-9E0E-8C2DE71F0DD6}
		{3A0C6EB1-EAF2-4895-B6B7-55CDEF70F977} = {6C63A026-B3A2-4DB2-9E0E-8C2DE71F0DD6}
		{70FCB930-DEC0-4476-A90D-C67560CD0BAD} = {BC1EDA1C-D3A9-4913-B1A4-35E9B684260C}
		{517AB8F3-7B95-4B87-8EA0-4025FCE4A605} = {BC1EDA1C-D3A9-4913-B1A4-35E9B684260C}
		{759CEA95-DB3F-40E0-AF33-1EC0BC0C51FC} = {BC1EDA1C-D3A9-4913-B1A4-35E9B684260C}
		{CCB4D8A1-84BE-488E-9D85-ED0C2C449655} = {6B12FB1F-CFD2-4AA8-B3DB-029DF0D12431}
		{2B8B3B72-2BD4-49D1-865D-3B19422FBED7} = {6B12FB1F-CFD2-4AA8-B3DB-029DF0D12431}
		{2935936C-D5E6-443B-8909-7B9488EF3A2D} = {6B12FB1F-CFD2-4AA8-B3DB-029DF0D12431}
		{85E3E239-C089-429B-8030-D3A46691D048} = {6B12FB1F-CFD2-4AA8-B3DB-029DF0D12431}
		{88F6FA88-26FB-4297-9E0F-ECEAD7739537} = {6B12FB1F-CFD2-4AA8-B3DB-029DF0D12431}
		{A05FBB25-4B1C-481D-A60A-FB85B839F4F7} = {6B12FB1F-CFD2-4AA8-B3DB-029DF0D12431}
		{68825D33-9994-4ECF-9FEC-B5F15526DED2} = {6B12FB1F-CFD2-4AA8-B3DB-029DF0D12431}
		{5D4E6336-55F0-4B7B-A0D9-3ADB53371B12} = {6B12FB1F-CFD2-4AA8-B3DB-029DF0D12431}
		{9CFBE05F-2D4B-41BE-B111-B335D8D81C9A} = {BC1EDA1C-D3A9-4913-B1A4-35E9B684260C}
		{98A5A8F1-9763-4286-BB56-D3E4738A5F26} = {BC1EDA1C-D3A9-4913-B1A4-35E9B684260C}
		{F74F6F95-43F0-43C9-BF42-3A0081B34D2E} = {BC1EDA1C-D3A9-4913-B1A4-35E9B684260C}
		{4A8CACED-0D59-43DC-8D70-64C4E974C111} = {BC1EDA1C-D3A9-4913-B1A4-35E9B684260C}
		{F74AD7CA-C9BB-4E8E-842F-7E94B550D980} = {BC1EDA1C-D3A9-4913-B1A4-35E9B684260C}
		{4CEDA2BF-BE89-4E0E-8308-DC5E3E361CC6} = {BC1EDA1C-D3A9-4913-B1A4-35E9B684260C}
		{D8446424-B891-4C0C-922C-DA6877FC0516} = {6B12FB1F-CFD2-4AA8-B3DB-029DF0D12431}
	EndGlobalSection
EndGlobal
